
Microsoft Visual Studio Solution File, Format Version 12.00
# Visual Studio Version 17
VisualStudioVersion = 17.7.34031.279
MinimumVisualStudioVersion = 10.0.40219.1
Project("{FAE04EC0-301F-11D3-BF4B-00C04F79EFBC}") = "ContactsManager.API.ReactClient", "ContactsManager.API.ReactClient\ContactsManager.API.ReactClient.csproj", "{BF51797B-86D7-4550-B907-C2D72D38688E}"
EndProject
Global
	GlobalSection(SolutionConfigurationPlatforms) = preSolution
		Debug|Any CPU = Debug|Any CPU
		Release|Any CPU = Release|Any CPU
	EndGlobalSection
	GlobalSection(ProjectConfigurationPlatforms) = postSolution
		{BF51797B-86D7-4550-B907-C2D72D38688E}.Debug|Any CPU.ActiveCfg = Debug|Any CPU
		{BF51797B-86D7-4550-B907-C2D72D38688E}.Debug|Any CPU.Build.0 = Debug|Any CPU
		{BF51797B-86D7-4550-B907-C2D72D38688E}.Release|Any CPU.ActiveCfg = Release|Any CPU
		{BF51797B-86D7-4550-B907-C2D72D38688E}.Release|Any CPU.Build.0 = Release|Any CPU
	EndGlobalSection
	GlobalSection(SolutionProperties) = preSolution
		HideSolutionNode = FALSE
	EndGlobalSection
	GlobalSection(ExtensibilityGlobals) = postSolution
		SolutionGuid = {8662DAAE-1C50-446F-81EF-F778121A7C22}
	EndGlobalSection
EndGlobal
